
Microsoft Visual Studio Solution File, Format Version 12.00
# Visual Studio 15
VisualStudioVersion = 15.0.27130.2036
MinimumVisualStudioVersion = 10.0.40219.1
Project("{FAE04EC0-301F-11D3-BF4B-00C04F79EFBC}") = "HW_Lesson2_BronashkoAV", "HW_Lesson2_BronashkoAV\HW_Lesson2_BronashkoAV.csproj", "{B5BC0B3C-D159-41B6-95E2-3248262DDF51}"
EndProject
Global
	GlobalSection(SolutionConfigurationPlatforms) = preSolution
		Debug|Any CPU = Debug|Any CPU
		Release|Any CPU = Release|Any CPU
	EndGlobalSection
	GlobalSection(ProjectConfigurationPlatforms) = postSolution
		{B5BC0B3C-D159-41B6-95E2-3248262DDF51}.Debug|Any CPU.ActiveCfg = Debug|Any CPU
		{B5BC0B3C-D159-41B6-95E2-3248262DDF51}.Debug|Any CPU.Build.0 = Debug|Any CPU
		{B5BC0B3C-D159-41B6-95E2-3248262DDF51}.Release|Any CPU.ActiveCfg = Release|Any CPU
		{B5BC0B3C-D159-41B6-95E2-3248262DDF51}.Release|Any CPU.Build.0 = Release|Any CPU
	EndGlobalSection
	GlobalSection(SolutionProperties) = preSolution
		HideSolutionNode = FALSE
	EndGlobalSection
	GlobalSection(ExtensibilityGlobals) = postSolution
		SolutionGuid = {0351D3FD-1F9F-4F5B-8525-038AA513432E}
	EndGlobalSection
EndGlobal
